
Microsoft Visual Studio Solution File, Format Version 12.00
# Visual Studio 14
VisualStudioVersion = 14.0.25123.0
MinimumVisualStudioVersion = 10.0.40219.1
Project("{2150E333-8FDC-42A3-9474-1A3956D46DE8}") = "创建型模式", "创建型模式", "{199CB184-1379-4035-81C2-FFC035198EEF}"
EndProject
Project("{2150E333-8FDC-42A3-9474-1A3956D46DE8}") = "行为型模式", "行为型模式", "{DE667B02-FFE6-4D26-B15D-3F169EB7BDBD}"
EndProject
Project("{2150E333-8FDC-42A3-9474-1A3956D46DE8}") = "结构型模式", "结构型模式", "{5A143142-9716-44C6-A52B-325B124076B7}"
EndProject
Project("{FAE04EC0-301F-11D3-BF4B-00C04F79EFBC}") = "单例模式01", "单例模式01\单例模式01.csproj", "{BFE4E74D-B7B8-4E8E-8034-296F2A1008DC}"
EndProject
Project("{FAE04EC0-301F-11D3-BF4B-00C04F79EFBC}") = "单例模式02", "单例模式02\单例模式02.csproj", "{98CDBC02-1650-4B00-8F7F-C1CD446F6792}"
EndProject
Project("{2150E333-8FDC-42A3-9474-1A3956D46DE8}") = "单例模式", "单例模式", "{96788421-7059-4037-8563-47929601F658}"
EndProject
Project("{2150E333-8FDC-42A3-9474-1A3956D46DE8}") = "简单工厂", "简单工厂", "{AA559E4D-CE83-47BB-A8C2-8D78D643B4B7}"
EndProject
Project("{FAE04EC0-301F-11D3-BF4B-00C04F79EFBC}") = "简单工厂01", "简单工厂01\简单工厂01.csproj", "{005DBF2F-3BBB-4451-B1FE-E0555444079D}"
EndProject
Project("{FAE04EC0-301F-11D3-BF4B-00C04F79EFBC}") = "简单工厂02", "简单工厂02\简单工厂02.csproj", "{EA390661-3FBA-4EC2-AC84-464F65BB4396}"
EndProject
Project("{2150E333-8FDC-42A3-9474-1A3956D46DE8}") = "策略模式", "策略模式", "{D3F47B57-2816-4058-8305-8E15B8E22B40}"
EndProject
Project("{FAE04EC0-301F-11D3-BF4B-00C04F79EFBC}") = "策略模式01", "策略模式01\策略模式01.csproj", "{889B3BEC-C2E1-48C9-B919-93F6E6799992}"
EndProject
Project("{FAE04EC0-301F-11D3-BF4B-00C04F79EFBC}") = "策略模式02", "策略模式02\策略模式02.csproj", "{04B879F9-C46E-4142-945E-D6322D62DE3E}"
EndProject
Project("{FAE04EC0-301F-11D3-BF4B-00C04F79EFBC}") = "策略模式03", "策略模式03\策略模式03.csproj", "{57C0BE79-150D-4966-881E-66AAF3B09786}"
EndProject
Project("{FAE04EC0-301F-11D3-BF4B-00C04F79EFBC}") = "策略模式04", "策略模式04\策略模式04.csproj", "{9A0AF812-1598-4B92-BBAF-F221547AD5E2}"
EndProject
Project("{FAE04EC0-301F-11D3-BF4B-00C04F79EFBC}") = "策略模式05", "策略模式05\策略模式05.csproj", "{E182C93D-B3E7-4217-8A5A-E21A73467426}"
EndProject
Project("{2150E333-8FDC-42A3-9474-1A3956D46DE8}") = "装饰模式", "装饰模式", "{2A54C339-9111-4B58-83F9-72FA42D5857A}"
EndProject
Project("{FAE04EC0-301F-11D3-BF4B-00C04F79EFBC}") = "装饰模式01", "装饰模式01\装饰模式01.csproj", "{72F10126-3DB8-423F-8EB8-A550B80AEB01}"
EndProject
Project("{2150E333-8FDC-42A3-9474-1A3956D46DE8}") = "代理模式", "代理模式", "{66A32567-0A6C-4582-8BCD-93134D1E54CB}"
EndProject
Project("{FAE04EC0-301F-11D3-BF4B-00C04F79EFBC}") = "代理模式01", "代理模式01\代理模式01.csproj", "{D710F02C-EE9C-4A78-A229-2357567B0E0A}"
EndProject
Project("{2150E333-8FDC-42A3-9474-1A3956D46DE8}") = "工厂方法模式", "工厂方法模式", "{B1B9B64D-9AFC-459B-8215-EF5E4FC9A6F8}"
EndProject
Project("{FAE04EC0-301F-11D3-BF4B-00C04F79EFBC}") = "工厂方法模式01", "工厂方法模式01\工厂方法模式01.csproj", "{75EA22A7-8CF1-4C27-9E92-3431CE8860D2}"
EndProject
Project("{FAE04EC0-301F-11D3-BF4B-00C04F79EFBC}") = "工厂方法模式02", "工厂方法模式02\工厂方法模式02.csproj", "{6ECEC1C4-533F-4B1C-894F-B3A69CEFF6FA}"
EndProject
Project("{2150E333-8FDC-42A3-9474-1A3956D46DE8}") = "原型模式", "原型模式", "{AC3C02E9-6EBD-45C8-A883-BD755563B794}"
EndProject
Project("{FAE04EC0-301F-11D3-BF4B-00C04F79EFBC}") = "原型模式01", "原型模式01\原型模式01.csproj", "{7EA1E8F7-D3FC-4755-81A7-C4AB10376FE6}"
EndProject
Project("{FAE04EC0-301F-11D3-BF4B-00C04F79EFBC}") = "原型模式02", "原型模式02\原型模式02.csproj", "{5AE342A3-7652-4290-9B2C-2767ACCC7C75}"
EndProject
Project("{2150E333-8FDC-42A3-9474-1A3956D46DE8}") = "模板方法模式", "模板方法模式", "{DF9D7498-E255-44F6-A162-127445B0F910}"
EndProject
Project("{FAE04EC0-301F-11D3-BF4B-00C04F79EFBC}") = "模板方法模式01", "模板方法模式01\模板方法模式01.csproj", "{668F71E9-0157-43E0-8809-003B0BBFC83F}"
EndProject
Project("{2150E333-8FDC-42A3-9474-1A3956D46DE8}") = "观察者模式", "观察者模式", "{EDA2A0EB-463B-4E0F-88FB-711B26B84C9C}"
EndProject
Project("{FAE04EC0-301F-11D3-BF4B-00C04F79EFBC}") = "观察者1", "观察者1\观察者1.csproj", "{CE89FF3E-CF2A-42BC-BA9D-8470EB60FC48}"
EndProject
Project("{FAE04EC0-301F-11D3-BF4B-00C04F79EFBC}") = "观察者2", "观察者2\观察者2.csproj", "{2381F458-7802-4C62-BCDC-E5E1496D5707}"
EndProject
Project("{FAE04EC0-301F-11D3-BF4B-00C04F79EFBC}") = "观察者3", "观察者3\观察者3.csproj", "{1235B592-88A6-4E53-8630-BE9DCF0FACF0}"
EndProject
Project("{FAE04EC0-301F-11D3-BF4B-00C04F79EFBC}") = "观察者4", "观察者4\观察者4.csproj", "{BE1D5BEA-CE28-4A5F-A869-D8E131C84386}"
EndProject
Project("{FAE04EC0-301F-11D3-BF4B-00C04F79EFBC}") = "模板方法模式02", "模板方法模式02\模板方法模式02.csproj", "{8BCC250B-4502-47F3-97D1-4599CAF92E18}"
EndProject
Project("{FAE04EC0-301F-11D3-BF4B-00C04F79EFBC}") = "模板方法模式03", "模板方法模式03\模板方法模式03.csproj", "{5D566F11-AF83-4E4C-91EA-ABE8ACDEB310}"
EndProject
Project("{2150E333-8FDC-42A3-9474-1A3956D46DE8}") = "外观模式", "外观模式", "{657C9A4B-AEC3-4AC5-B076-171E2B905022}"
EndProject
Project("{FAE04EC0-301F-11D3-BF4B-00C04F79EFBC}") = "外观模式01", "外观模式01\外观模式01.csproj", "{020E00CE-D15F-4CF9-A8E0-4D0A19A2872E}"
EndProject
Project("{FAE04EC0-301F-11D3-BF4B-00C04F79EFBC}") = "外观模式02", "外观模式02\外观模式02.csproj", "{D8856B0E-681E-4610-A1F6-A2FF18948371}"
EndProject
Project("{FAE04EC0-301F-11D3-BF4B-00C04F79EFBC}") = "外观模式03", "外观模式03\外观模式03.csproj", "{3C8F9B23-90E0-4AB0-8652-465C174CA072}"
EndProject
Project("{2150E333-8FDC-42A3-9474-1A3956D46DE8}") = "抽象工厂", "抽象工厂", "{4C626379-8F81-4079-A201-58DA295B75FC}"
EndProject
Project("{FAE04EC0-301F-11D3-BF4B-00C04F79EFBC}") = "抽象工厂01", "抽象工厂01\抽象工厂01.csproj", "{2134D5D2-DB21-4435-AD77-7C7F346F25EA}"
EndProject
Project("{FAE04EC0-301F-11D3-BF4B-00C04F79EFBC}") = "抽象工厂02", "抽象工厂02\抽象工厂02.csproj", "{032BBDA0-3D4E-45EE-8CEF-48C20B6A1C9A}"
EndProject
Project("{FAE04EC0-301F-11D3-BF4B-00C04F79EFBC}") = "抽象工厂03", "抽象工厂03\抽象工厂03.csproj", "{68661F03-987A-46D2-B3D4-388408FA5CC2}"
EndProject
Project("{FAE04EC0-301F-11D3-BF4B-00C04F79EFBC}") = "抽象工厂04", "抽象工厂04\抽象工厂04.csproj", "{DD42AA5B-75EA-41A4-89EC-E3AA6EBCB535}"
EndProject
Project("{FAE04EC0-301F-11D3-BF4B-00C04F79EFBC}") = "抽象工厂05", "抽象工厂05\抽象工厂05.csproj", "{5A1B14AE-B8E5-4BAD-9CC8-8EF29AE7225D}"
EndProject
Project("{2150E333-8FDC-42A3-9474-1A3956D46DE8}") = "建造者模式", "建造者模式", "{97B6EB78-940F-4E44-8518-4C2C9F406927}"
EndProject
Project("{FAE04EC0-301F-11D3-BF4B-00C04F79EFBC}") = "建造者01", "建造者01\建造者01.csproj", "{811A9B30-BCC9-4C7A-8084-B07F27C7EE51}"
EndProject
Project("{FAE04EC0-301F-11D3-BF4B-00C04F79EFBC}") = "建造者02", "建造者02\建造者02.csproj", "{97DB3287-1DBD-4641-BAEE-88825797FB37}"
EndProject
Project("{FAE04EC0-301F-11D3-BF4B-00C04F79EFBC}") = "建造者03", "建造者03\建造者03.csproj", "{73A5BEC3-0538-4302-81F2-A50416EA740B}"
EndProject
Project("{FAE04EC0-301F-11D3-BF4B-00C04F79EFBC}") = "建造者04", "建造者04\建造者04.csproj", "{9AE44A84-B391-4B93-98CD-CA6467A720F8}"
EndProject
Project("{2150E333-8FDC-42A3-9474-1A3956D46DE8}") = "状态模式", "状态模式", "{A367ED6F-7F68-47C3-8AA4-40D76F1C7209}"
EndProject
Project("{FAE04EC0-301F-11D3-BF4B-00C04F79EFBC}") = "状态模式01", "状态模式01\状态模式01.csproj", "{06EDE7F5-F2B8-4489-9791-97D59F42986F}"
EndProject
Project("{FAE04EC0-301F-11D3-BF4B-00C04F79EFBC}") = "DesignPatterm.UML", "DesignPatterm.UML图\DesignPatterm.UML.csproj", "{B6F3D2DE-5176-4464-8A73-1461EB9B04F1}"
EndProject
Project("{2150E333-8FDC-42A3-9474-1A3956D46DE8}") = "适配器模式", "适配器模式", "{2AE57A12-C8BF-40E2-84DA-82A05BBA51DE}"
EndProject
Project("{FAE04EC0-301F-11D3-BF4B-00C04F79EFBC}") = "适配器模式01", "适配器模式01\适配器模式01.csproj", "{96E88AAF-5818-4CCC-9F4C-A043C0021243}"
EndProject
Project("{FAE04EC0-301F-11D3-BF4B-00C04F79EFBC}") = "适配器模式02", "适配器模式02\适配器模式02.csproj", "{176C67E9-C8AB-4309-9372-DE84D5308037}"
EndProject
Project("{2150E333-8FDC-42A3-9474-1A3956D46DE8}") = "备忘录模式", "备忘录模式", "{4E39077B-137D-4EFC-B96F-931363D0AA07}"
EndProject
Project("{FAE04EC0-301F-11D3-BF4B-00C04F79EFBC}") = "备忘录模式01", "备忘录模式01\备忘录模式01.csproj", "{59E76637-FFE4-4DBE-A5FB-44AC47E5E5DF}"
EndProject
Project("{FAE04EC0-301F-11D3-BF4B-00C04F79EFBC}") = "备忘录模式02", "备忘录模式02\备忘录模式02.csproj", "{5C633199-1888-42A4-8031-DD9B7B7558B5}"
EndProject
Project("{FAE04EC0-301F-11D3-BF4B-00C04F79EFBC}") = "备忘录模式03", "备忘录模式03\备忘录模式03.csproj", "{7A622AB7-6382-4674-B642-68B4C3718374}"
EndProject
Project("{2150E333-8FDC-42A3-9474-1A3956D46DE8}") = "组合模式", "组合模式", "{C4146812-DD20-42B9-9F87-43C3E2C41924}"
EndProject
Project("{FAE04EC0-301F-11D3-BF4B-00C04F79EFBC}") = "组合模式01", "组合模式01\组合模式01.csproj", "{B48A9DBA-6B3C-413D-8304-BA8D62C35BC5}"
EndProject
Project("{FAE04EC0-301F-11D3-BF4B-00C04F79EFBC}") = "组合模式02", "组合模式02\组合模式02.csproj", "{C39E413C-5E57-4F9E-82E6-4D4F7E592B49}"
EndProject
Project("{2150E333-8FDC-42A3-9474-1A3956D46DE8}") = "迭代器模式", "迭代器模式", "{2F828BEC-5BEB-4A66-B5DF-46C14BB2D79E}"
EndProject
Project("{FAE04EC0-301F-11D3-BF4B-00C04F79EFBC}") = "迭代器模式01", "迭代器模式01\迭代器模式01.csproj", "{7165D5DF-5A87-403A-83F0-E545A737F8C0}"
EndProject
Project("{2150E333-8FDC-42A3-9474-1A3956D46DE8}") = "桥接模式", "桥接模式", "{B64A4363-3815-4D60-8AAB-BEC63C4CA51F}"
EndProject
Project("{FAE04EC0-301F-11D3-BF4B-00C04F79EFBC}") = "桥接模式01", "桥接模式01\桥接模式01.csproj", "{EDF2104C-E454-438A-B402-69271D3527A2}"
EndProject
Project("{FAE04EC0-301F-11D3-BF4B-00C04F79EFBC}") = "桥接模式02", "桥接模式02\桥接模式02.csproj", "{630DC25A-C7F4-4E2C-9F2F-251A0195A7B1}"
EndProject
Project("{FAE04EC0-301F-11D3-BF4B-00C04F79EFBC}") = "桥接模式03", "桥接模式03\桥接模式03.csproj", "{7CF57162-5BC6-47C9-BC38-191F2051BF7F}"
EndProject
Project("{FAE04EC0-301F-11D3-BF4B-00C04F79EFBC}") = "桥接模式04", "桥接模式04\桥接模式04.csproj", "{78F840DB-B220-4BD7-BAA3-7A9475705797}"
EndProject
Project("{2150E333-8FDC-42A3-9474-1A3956D46DE8}") = "命令模式", "命令模式", "{76EC6334-DF1A-45DE-BDED-438C2D6AF55E}"
EndProject
Project("{FAE04EC0-301F-11D3-BF4B-00C04F79EFBC}") = "命令模式01", "命令模式01\命令模式01.csproj", "{C39E052F-EBB1-4F84-A554-028EB60E7007}"
EndProject
Project("{FAE04EC0-301F-11D3-BF4B-00C04F79EFBC}") = "命令模式02", "命令模式02\命令模式02.csproj", "{6E1BD19A-875C-4181-B8C8-F188541E834F}"
EndProject
Project("{FAE04EC0-301F-11D3-BF4B-00C04F79EFBC}") = "命令模式03", "命令模式03\命令模式03.csproj", "{EA109C61-CB80-425B-86CD-C197D6DDE7F1}"
EndProject
Project("{FAE04EC0-301F-11D3-BF4B-00C04F79EFBC}") = "命令模式04", "命令模式04\命令模式04.csproj", "{637B3843-9748-4A5A-8E4D-C6AC40B17939}"
EndProject
Project("{2150E333-8FDC-42A3-9474-1A3956D46DE8}") = "职责链模式", "职责链模式", "{98F33519-BEF8-4B81-9033-DE67611A4D91}"
EndProject
Project("{FAE04EC0-301F-11D3-BF4B-00C04F79EFBC}") = "职责链模式01", "职责链模式01\职责链模式01.csproj", "{A39870F8-B778-48DE-B582-40957D20F3DA}"
EndProject
Project("{FAE04EC0-301F-11D3-BF4B-00C04F79EFBC}") = "职责链模式02", "职责链模式02\职责链模式02.csproj", "{91F8C0DA-1D86-4E44-BF57-9A46BDF70D23}"
EndProject
Project("{FAE04EC0-301F-11D3-BF4B-00C04F79EFBC}") = "职责链模式03", "职责链模式03\职责链模式03.csproj", "{BFC882E4-0C27-4243-9F39-2A647FCD2599}"
EndProject
Project("{2150E333-8FDC-42A3-9474-1A3956D46DE8}") = "中介者模式", "中介者模式", "{63FF70F2-E3C9-44DE-8C7B-8272DD1EBD31}"
EndProject
Project("{FAE04EC0-301F-11D3-BF4B-00C04F79EFBC}") = "中介者模式01", "中介者模式01\中介者模式01.csproj", "{8323A086-E0BB-4E76-A447-A3EFDE072BBB}"
EndProject
Project("{FAE04EC0-301F-11D3-BF4B-00C04F79EFBC}") = "中介者模式02", "中介者模式02\中介者模式02.csproj", "{11570119-B07F-43F5-B612-F373C092F702}"
EndProject
Project("{2150E333-8FDC-42A3-9474-1A3956D46DE8}") = "享元模式", "享元模式", "{DDE6A8F1-F35D-4666-A6E4-1B72F03F04CE}"
EndProject
Project("{FAE04EC0-301F-11D3-BF4B-00C04F79EFBC}") = "享元模式01", "享元模式01\享元模式01.csproj", "{5BE09814-D4C7-435A-BC6E-C110333D26B9}"
EndProject
Project("{FAE04EC0-301F-11D3-BF4B-00C04F79EFBC}") = "享元模式02", "享元模式02\享元模式02.csproj", "{42650D0D-F8EB-4284-9181-1F6D80FAF734}"
EndProject
Project("{FAE04EC0-301F-11D3-BF4B-00C04F79EFBC}") = "享元模式03", "享元模式03\享元模式03.csproj", "{E337A4EF-5923-4B91-8A41-52C91BF765BC}"
EndProject
Global
	GlobalSection(SolutionConfigurationPlatforms) = preSolution
		Debug|Any CPU = Debug|Any CPU
		Release|Any CPU = Release|Any CPU
	EndGlobalSection
	GlobalSection(ProjectConfigurationPlatforms) = postSolution
		{BFE4E74D-B7B8-4E8E-8034-296F2A1008DC}.Debug|Any CPU.ActiveCfg = Debug|Any CPU
		{BFE4E74D-B7B8-4E8E-8034-296F2A1008DC}.Debug|Any CPU.Build.0 = Debug|Any CPU
		{BFE4E74D-B7B8-4E8E-8034-296F2A1008DC}.Release|Any CPU.ActiveCfg = Release|Any CPU
		{BFE4E74D-B7B8-4E8E-8034-296F2A1008DC}.Release|Any CPU.Build.0 = Release|Any CPU
		{98CDBC02-1650-4B00-8F7F-C1CD446F6792}.Debug|Any CPU.ActiveCfg = Debug|Any CPU
		{98CDBC02-1650-4B00-8F7F-C1CD446F6792}.Debug|Any CPU.Build.0 = Debug|Any CPU
		{98CDBC02-1650-4B00-8F7F-C1CD446F6792}.Release|Any CPU.ActiveCfg = Release|Any CPU
		{98CDBC02-1650-4B00-8F7F-C1CD446F6792}.Release|Any CPU.Build.0 = Release|Any CPU
		{005DBF2F-3BBB-4451-B1FE-E0555444079D}.Debug|Any CPU.ActiveCfg = Debug|Any CPU
		{005DBF2F-3BBB-4451-B1FE-E0555444079D}.Debug|Any CPU.Build.0 = Debug|Any CPU
		{005DBF2F-3BBB-4451-B1FE-E0555444079D}.Release|Any CPU.ActiveCfg = Release|Any CPU
		{005DBF2F-3BBB-4451-B1FE-E0555444079D}.Release|Any CPU.Build.0 = Release|Any CPU
		{EA390661-3FBA-4EC2-AC84-464F65BB4396}.Debug|Any CPU.ActiveCfg = Debug|Any CPU
		{EA390661-3FBA-4EC2-AC84-464F65BB4396}.Debug|Any CPU.Build.0 = Debug|Any CPU
		{EA390661-3FBA-4EC2-AC84-464F65BB4396}.Release|Any CPU.ActiveCfg = Release|Any CPU
		{EA390661-3FBA-4EC2-AC84-464F65BB4396}.Release|Any CPU.Build.0 = Release|Any CPU
		{889B3BEC-C2E1-48C9-B919-93F6E6799992}.Debug|Any CPU.ActiveCfg = Debug|Any CPU
		{889B3BEC-C2E1-48C9-B919-93F6E6799992}.Debug|Any CPU.Build.0 = Debug|Any CPU
		{889B3BEC-C2E1-48C9-B919-93F6E6799992}.Release|Any CPU.ActiveCfg = Release|Any CPU
		{889B3BEC-C2E1-48C9-B919-93F6E6799992}.Release|Any CPU.Build.0 = Release|Any CPU
		{04B879F9-C46E-4142-945E-D6322D62DE3E}.Debug|Any CPU.ActiveCfg = Debug|Any CPU
		{04B879F9-C46E-4142-945E-D6322D62DE3E}.Debug|Any CPU.Build.0 = Debug|Any CPU
		{04B879F9-C46E-4142-945E-D6322D62DE3E}.Release|Any CPU.ActiveCfg = Release|Any CPU
		{04B879F9-C46E-4142-945E-D6322D62DE3E}.Release|Any CPU.Build.0 = Release|Any CPU
		{57C0BE79-150D-4966-881E-66AAF3B09786}.Debug|Any CPU.ActiveCfg = Debug|Any CPU
		{57C0BE79-150D-4966-881E-66AAF3B09786}.Debug|Any CPU.Build.0 = Debug|Any CPU
		{57C0BE79-150D-4966-881E-66AAF3B09786}.Release|Any CPU.ActiveCfg = Release|Any CPU
		{57C0BE79-150D-4966-881E-66AAF3B09786}.Release|Any CPU.Build.0 = Release|Any CPU
		{9A0AF812-1598-4B92-BBAF-F221547AD5E2}.Debug|Any CPU.ActiveCfg = Debug|Any CPU
		{9A0AF812-1598-4B92-BBAF-F221547AD5E2}.Debug|Any CPU.Build.0 = Debug|Any CPU
		{9A0AF812-1598-4B92-BBAF-F221547AD5E2}.Release|Any CPU.ActiveCfg = Release|Any CPU
		{9A0AF812-1598-4B92-BBAF-F221547AD5E2}.Release|Any CPU.Build.0 = Release|Any CPU
		{E182C93D-B3E7-4217-8A5A-E21A73467426}.Debug|Any CPU.ActiveCfg = Debug|Any CPU
		{E182C93D-B3E7-4217-8A5A-E21A73467426}.Debug|Any CPU.Build.0 = Debug|Any CPU
		{E182C93D-B3E7-4217-8A5A-E21A73467426}.Release|Any CPU.ActiveCfg = Release|Any CPU
		{E182C93D-B3E7-4217-8A5A-E21A73467426}.Release|Any CPU.Build.0 = Release|Any CPU
		{72F10126-3DB8-423F-8EB8-A550B80AEB01}.Debug|Any CPU.ActiveCfg = Debug|Any CPU
		{72F10126-3DB8-423F-8EB8-A550B80AEB01}.Debug|Any CPU.Build.0 = Debug|Any CPU
		{72F10126-3DB8-423F-8EB8-A550B80AEB01}.Release|Any CPU.ActiveCfg = Release|Any CPU
		{72F10126-3DB8-423F-8EB8-A550B80AEB01}.Release|Any CPU.Build.0 = Release|Any CPU
		{D710F02C-EE9C-4A78-A229-2357567B0E0A}.Debug|Any CPU.ActiveCfg = Debug|Any CPU
		{D710F02C-EE9C-4A78-A229-2357567B0E0A}.Debug|Any CPU.Build.0 = Debug|Any CPU
		{D710F02C-EE9C-4A78-A229-2357567B0E0A}.Release|Any CPU.ActiveCfg = Release|Any CPU
		{D710F02C-EE9C-4A78-A229-2357567B0E0A}.Release|Any CPU.Build.0 = Release|Any CPU
		{75EA22A7-8CF1-4C27-9E92-3431CE8860D2}.Debug|Any CPU.ActiveCfg = Debug|Any CPU
		{75EA22A7-8CF1-4C27-9E92-3431CE8860D2}.Debug|Any CPU.Build.0 = Debug|Any CPU
		{75EA22A7-8CF1-4C27-9E92-3431CE8860D2}.Release|Any CPU.ActiveCfg = Release|Any CPU
		{75EA22A7-8CF1-4C27-9E92-3431CE8860D2}.Release|Any CPU.Build.0 = Release|Any CPU
		{6ECEC1C4-533F-4B1C-894F-B3A69CEFF6FA}.Debug|Any CPU.ActiveCfg = Debug|Any CPU
		{6ECEC1C4-533F-4B1C-894F-B3A69CEFF6FA}.Debug|Any CPU.Build.0 = Debug|Any CPU
		{6ECEC1C4-533F-4B1C-894F-B3A69CEFF6FA}.Release|Any CPU.ActiveCfg = Release|Any CPU
		{6ECEC1C4-533F-4B1C-894F-B3A69CEFF6FA}.Release|Any CPU.Build.0 = Release|Any CPU
		{7EA1E8F7-D3FC-4755-81A7-C4AB10376FE6}.Debug|Any CPU.ActiveCfg = Debug|Any CPU
		{7EA1E8F7-D3FC-4755-81A7-C4AB10376FE6}.Debug|Any CPU.Build.0 = Debug|Any CPU
		{7EA1E8F7-D3FC-4755-81A7-C4AB10376FE6}.Release|Any CPU.ActiveCfg = Release|Any CPU
		{7EA1E8F7-D3FC-4755-81A7-C4AB10376FE6}.Release|Any CPU.Build.0 = Release|Any CPU
		{5AE342A3-7652-4290-9B2C-2767ACCC7C75}.Debug|Any CPU.ActiveCfg = Debug|Any CPU
		{5AE342A3-7652-4290-9B2C-2767ACCC7C75}.Debug|Any CPU.Build.0 = Debug|Any CPU
		{5AE342A3-7652-4290-9B2C-2767ACCC7C75}.Release|Any CPU.ActiveCfg = Release|Any CPU
		{5AE342A3-7652-4290-9B2C-2767ACCC7C75}.Release|Any CPU.Build.0 = Release|Any CPU
		{668F71E9-0157-43E0-8809-003B0BBFC83F}.Debug|Any CPU.ActiveCfg = Debug|Any CPU
		{668F71E9-0157-43E0-8809-003B0BBFC83F}.Debug|Any CPU.Build.0 = Debug|Any CPU
		{668F71E9-0157-43E0-8809-003B0BBFC83F}.Release|Any CPU.ActiveCfg = Release|Any CPU
		{668F71E9-0157-43E0-8809-003B0BBFC83F}.Release|Any CPU.Build.0 = Release|Any CPU
		{CE89FF3E-CF2A-42BC-BA9D-8470EB60FC48}.Debug|Any CPU.ActiveCfg = Debug|Any CPU
		{CE89FF3E-CF2A-42BC-BA9D-8470EB60FC48}.Debug|Any CPU.Build.0 = Debug|Any CPU
		{CE89FF3E-CF2A-42BC-BA9D-8470EB60FC48}.Release|Any CPU.ActiveCfg = Release|Any CPU
		{CE89FF3E-CF2A-42BC-BA9D-8470EB60FC48}.Release|Any CPU.Build.0 = Release|Any CPU
		{2381F458-7802-4C62-BCDC-E5E1496D5707}.Debug|Any CPU.ActiveCfg = Debug|Any CPU
		{2381F458-7802-4C62-BCDC-E5E1496D5707}.Debug|Any CPU.Build.0 = Debug|Any CPU
		{2381F458-7802-4C62-BCDC-E5E1496D5707}.Release|Any CPU.ActiveCfg = Release|Any CPU
		{2381F458-7802-4C62-BCDC-E5E1496D5707}.Release|Any CPU.Build.0 = Release|Any CPU
		{1235B592-88A6-4E53-8630-BE9DCF0FACF0}.Debug|Any CPU.ActiveCfg = Debug|Any CPU
		{1235B592-88A6-4E53-8630-BE9DCF0FACF0}.Debug|Any CPU.Build.0 = Debug|Any CPU
		{1235B592-88A6-4E53-8630-BE9DCF0FACF0}.Release|Any CPU.ActiveCfg = Release|Any CPU
		{1235B592-88A6-4E53-8630-BE9DCF0FACF0}.Release|Any CPU.Build.0 = Release|Any CPU
		{BE1D5BEA-CE28-4A5F-A869-D8E131C84386}.Debug|Any CPU.ActiveCfg = Debug|Any CPU
		{BE1D5BEA-CE28-4A5F-A869-D8E131C84386}.Debug|Any CPU.Build.0 = Debug|Any CPU
		{BE1D5BEA-CE28-4A5F-A869-D8E131C84386}.Release|Any CPU.ActiveCfg = Release|Any CPU
		{BE1D5BEA-CE28-4A5F-A869-D8E131C84386}.Release|Any CPU.Build.0 = Release|Any CPU
		{8BCC250B-4502-47F3-97D1-4599CAF92E18}.Debug|Any CPU.ActiveCfg = Debug|Any CPU
		{8BCC250B-4502-47F3-97D1-4599CAF92E18}.Debug|Any CPU.Build.0 = Debug|Any CPU
		{8BCC250B-4502-47F3-97D1-4599CAF92E18}.Release|Any CPU.ActiveCfg = Release|Any CPU
		{8BCC250B-4502-47F3-97D1-4599CAF92E18}.Release|Any CPU.Build.0 = Release|Any CPU
		{5D566F11-AF83-4E4C-91EA-ABE8ACDEB310}.Debug|Any CPU.ActiveCfg = Debug|Any CPU
		{5D566F11-AF83-4E4C-91EA-ABE8ACDEB310}.Debug|Any CPU.Build.0 = Debug|Any CPU
		{5D566F11-AF83-4E4C-91EA-ABE8ACDEB310}.Release|Any CPU.ActiveCfg = Release|Any CPU
		{5D566F11-AF83-4E4C-91EA-ABE8ACDEB310}.Release|Any CPU.Build.0 = Release|Any CPU
		{020E00CE-D15F-4CF9-A8E0-4D0A19A2872E}.Debug|Any CPU.ActiveCfg = Debug|Any CPU
		{020E00CE-D15F-4CF9-A8E0-4D0A19A2872E}.Debug|Any CPU.Build.0 = Debug|Any CPU
		{020E00CE-D15F-4CF9-A8E0-4D0A19A2872E}.Release|Any CPU.ActiveCfg = Release|Any CPU
		{020E00CE-D15F-4CF9-A8E0-4D0A19A2872E}.Release|Any CPU.Build.0 = Release|Any CPU
		{D8856B0E-681E-4610-A1F6-A2FF18948371}.Debug|Any CPU.ActiveCfg = Debug|Any CPU
		{D8856B0E-681E-4610-A1F6-A2FF18948371}.Debug|Any CPU.Build.0 = Debug|Any CPU
		{D8856B0E-681E-4610-A1F6-A2FF18948371}.Release|Any CPU.ActiveCfg = Release|Any CPU
		{D8856B0E-681E-4610-A1F6-A2FF18948371}.Release|Any CPU.Build.0 = Release|Any CPU
		{3C8F9B23-90E0-4AB0-8652-465C174CA072}.Debug|Any CPU.ActiveCfg = Debug|Any CPU
		{3C8F9B23-90E0-4AB0-8652-465C174CA072}.Debug|Any CPU.Build.0 = Debug|Any CPU
		{3C8F9B23-90E0-4AB0-8652-465C174CA072}.Release|Any CPU.ActiveCfg = Release|Any CPU
		{3C8F9B23-90E0-4AB0-8652-465C174CA072}.Release|Any CPU.Build.0 = Release|Any CPU
		{2134D5D2-DB21-4435-AD77-7C7F346F25EA}.Debug|Any CPU.ActiveCfg = Debug|Any CPU
		{2134D5D2-DB21-4435-AD77-7C7F346F25EA}.Debug|Any CPU.Build.0 = Debug|Any CPU
		{2134D5D2-DB21-4435-AD77-7C7F346F25EA}.Release|Any CPU.ActiveCfg = Release|Any CPU
		{2134D5D2-DB21-4435-AD77-7C7F346F25EA}.Release|Any CPU.Build.0 = Release|Any CPU
		{032BBDA0-3D4E-45EE-8CEF-48C20B6A1C9A}.Debug|Any CPU.ActiveCfg = Debug|Any CPU
		{032BBDA0-3D4E-45EE-8CEF-48C20B6A1C9A}.Debug|Any CPU.Build.0 = Debug|Any CPU
		{032BBDA0-3D4E-45EE-8CEF-48C20B6A1C9A}.Release|Any CPU.ActiveCfg = Release|Any CPU
		{032BBDA0-3D4E-45EE-8CEF-48C20B6A1C9A}.Release|Any CPU.Build.0 = Release|Any CPU
		{68661F03-987A-46D2-B3D4-388408FA5CC2}.Debug|Any CPU.ActiveCfg = Debug|Any CPU
		{68661F03-987A-46D2-B3D4-388408FA5CC2}.Debug|Any CPU.Build.0 = Debug|Any CPU
		{68661F03-987A-46D2-B3D4-388408FA5CC2}.Release|Any CPU.ActiveCfg = Release|Any CPU
		{68661F03-987A-46D2-B3D4-388408FA5CC2}.Release|Any CPU.Build.0 = Release|Any CPU
		{DD42AA5B-75EA-41A4-89EC-E3AA6EBCB535}.Debug|Any CPU.ActiveCfg = Debug|Any CPU
		{DD42AA5B-75EA-41A4-89EC-E3AA6EBCB535}.Debug|Any CPU.Build.0 = Debug|Any CPU
		{DD42AA5B-75EA-41A4-89EC-E3AA6EBCB535}.Release|Any CPU.ActiveCfg = Release|Any CPU
		{DD42AA5B-75EA-41A4-89EC-E3AA6EBCB535}.Release|Any CPU.Build.0 = Release|Any CPU
		{5A1B14AE-B8E5-4BAD-9CC8-8EF29AE7225D}.Debug|Any CPU.ActiveCfg = Debug|Any CPU
		{5A1B14AE-B8E5-4BAD-9CC8-8EF29AE7225D}.Debug|Any CPU.Build.0 = Debug|Any CPU
		{5A1B14AE-B8E5-4BAD-9CC8-8EF29AE7225D}.Release|Any CPU.ActiveCfg = Release|Any CPU
		{5A1B14AE-B8E5-4BAD-9CC8-8EF29AE7225D}.Release|Any CPU.Build.0 = Release|Any CPU
		{811A9B30-BCC9-4C7A-8084-B07F27C7EE51}.Debug|Any CPU.ActiveCfg = Debug|Any CPU
		{811A9B30-BCC9-4C7A-8084-B07F27C7EE51}.Debug|Any CPU.Build.0 = Debug|Any CPU
		{811A9B30-BCC9-4C7A-8084-B07F27C7EE51}.Release|Any CPU.ActiveCfg = Release|Any CPU
		{811A9B30-BCC9-4C7A-8084-B07F27C7EE51}.Release|Any CPU.Build.0 = Release|Any CPU
		{97DB3287-1DBD-4641-BAEE-88825797FB37}.Debug|Any CPU.ActiveCfg = Debug|Any CPU
		{97DB3287-1DBD-4641-BAEE-88825797FB37}.Debug|Any CPU.Build.0 = Debug|Any CPU
		{97DB3287-1DBD-4641-BAEE-88825797FB37}.Release|Any CPU.ActiveCfg = Release|Any CPU
		{97DB3287-1DBD-4641-BAEE-88825797FB37}.Release|Any CPU.Build.0 = Release|Any CPU
		{73A5BEC3-0538-4302-81F2-A50416EA740B}.Debug|Any CPU.ActiveCfg = Debug|Any CPU
		{73A5BEC3-0538-4302-81F2-A50416EA740B}.Debug|Any CPU.Build.0 = Debug|Any CPU
		{73A5BEC3-0538-4302-81F2-A50416EA740B}.Release|Any CPU.ActiveCfg = Release|Any CPU
		{73A5BEC3-0538-4302-81F2-A50416EA740B}.Release|Any CPU.Build.0 = Release|Any CPU
		{9AE44A84-B391-4B93-98CD-CA6467A720F8}.Debug|Any CPU.ActiveCfg = Debug|Any CPU
		{9AE44A84-B391-4B93-98CD-CA6467A720F8}.Debug|Any CPU.Build.0 = Debug|Any CPU
		{9AE44A84-B391-4B93-98CD-CA6467A720F8}.Release|Any CPU.ActiveCfg = Release|Any CPU
		{9AE44A84-B391-4B93-98CD-CA6467A720F8}.Release|Any CPU.Build.0 = Release|Any CPU
		{06EDE7F5-F2B8-4489-9791-97D59F42986F}.Debug|Any CPU.ActiveCfg = Debug|Any CPU
		{06EDE7F5-F2B8-4489-9791-97D59F42986F}.Debug|Any CPU.Build.0 = Debug|Any CPU
		{06EDE7F5-F2B8-4489-9791-97D59F42986F}.Release|Any CPU.ActiveCfg = Release|Any CPU
		{06EDE7F5-F2B8-4489-9791-97D59F42986F}.Release|Any CPU.Build.0 = Release|Any CPU
		{B6F3D2DE-5176-4464-8A73-1461EB9B04F1}.Debug|Any CPU.ActiveCfg = Debug|Any CPU
		{B6F3D2DE-5176-4464-8A73-1461EB9B04F1}.Debug|Any CPU.Build.0 = Debug|Any CPU
		{B6F3D2DE-5176-4464-8A73-1461EB9B04F1}.Release|Any CPU.ActiveCfg = Release|Any CPU
		{B6F3D2DE-5176-4464-8A73-1461EB9B04F1}.Release|Any CPU.Build.0 = Release|Any CPU
		{96E88AAF-5818-4CCC-9F4C-A043C0021243}.Debug|Any CPU.ActiveCfg = Debug|Any CPU
		{96E88AAF-5818-4CCC-9F4C-A043C0021243}.Debug|Any CPU.Build.0 = Debug|Any CPU
		{96E88AAF-5818-4CCC-9F4C-A043C0021243}.Release|Any CPU.ActiveCfg = Release|Any CPU
		{96E88AAF-5818-4CCC-9F4C-A043C0021243}.Release|Any CPU.Build.0 = Release|Any CPU
		{176C67E9-C8AB-4309-9372-DE84D5308037}.Debug|Any CPU.ActiveCfg = Debug|Any CPU
		{176C67E9-C8AB-4309-9372-DE84D5308037}.Debug|Any CPU.Build.0 = Debug|Any CPU
		{176C67E9-C8AB-4309-9372-DE84D5308037}.Release|Any CPU.ActiveCfg = Release|Any CPU
		{176C67E9-C8AB-4309-9372-DE84D5308037}.Release|Any CPU.Build.0 = Release|Any CPU
		{59E76637-FFE4-4DBE-A5FB-44AC47E5E5DF}.Debug|Any CPU.ActiveCfg = Debug|Any CPU
		{59E76637-FFE4-4DBE-A5FB-44AC47E5E5DF}.Debug|Any CPU.Build.0 = Debug|Any CPU
		{59E76637-FFE4-4DBE-A5FB-44AC47E5E5DF}.Release|Any CPU.ActiveCfg = Release|Any CPU
		{59E76637-FFE4-4DBE-A5FB-44AC47E5E5DF}.Release|Any CPU.Build.0 = Release|Any CPU
		{5C633199-1888-42A4-8031-DD9B7B7558B5}.Debug|Any CPU.ActiveCfg = Debug|Any CPU
		{5C633199-1888-42A4-8031-DD9B7B7558B5}.Debug|Any CPU.Build.0 = Debug|Any CPU
		{5C633199-1888-42A4-8031-DD9B7B7558B5}.Release|Any CPU.ActiveCfg = Release|Any CPU
		{5C633199-1888-42A4-8031-DD9B7B7558B5}.Release|Any CPU.Build.0 = Release|Any CPU
		{7A622AB7-6382-4674-B642-68B4C3718374}.Debug|Any CPU.ActiveCfg = Debug|Any CPU
		{7A622AB7-6382-4674-B642-68B4C3718374}.Debug|Any CPU.Build.0 = Debug|Any CPU
		{7A622AB7-6382-4674-B642-68B4C3718374}.Release|Any CPU.ActiveCfg = Release|Any CPU
		{7A622AB7-6382-4674-B642-68B4C3718374}.Release|Any CPU.Build.0 = Release|Any CPU
		{B48A9DBA-6B3C-413D-8304-BA8D62C35BC5}.Debug|Any CPU.ActiveCfg = Debug|Any CPU
		{B48A9DBA-6B3C-413D-8304-BA8D62C35BC5}.Debug|Any CPU.Build.0 = Debug|Any CPU
		{B48A9DBA-6B3C-413D-8304-BA8D62C35BC5}.Release|Any CPU.ActiveCfg = Release|Any CPU
		{B48A9DBA-6B3C-413D-8304-BA8D62C35BC5}.Release|Any CPU.Build.0 = Release|Any CPU
		{C39E413C-5E57-4F9E-82E6-4D4F7E592B49}.Debug|Any CPU.ActiveCfg = Debug|Any CPU
		{C39E413C-5E57-4F9E-82E6-4D4F7E592B49}.Debug|Any CPU.Build.0 = Debug|Any CPU
		{C39E413C-5E57-4F9E-82E6-4D4F7E592B49}.Release|Any CPU.ActiveCfg = Release|Any CPU
		{C39E413C-5E57-4F9E-82E6-4D4F7E592B49}.Release|Any CPU.Build.0 = Release|Any CPU
		{7165D5DF-5A87-403A-83F0-E545A737F8C0}.Debug|Any CPU.ActiveCfg = Debug|Any CPU
		{7165D5DF-5A87-403A-83F0-E545A737F8C0}.Debug|Any CPU.Build.0 = Debug|Any CPU
		{7165D5DF-5A87-403A-83F0-E545A737F8C0}.Release|Any CPU.ActiveCfg = Release|Any CPU
		{7165D5DF-5A87-403A-83F0-E545A737F8C0}.Release|Any CPU.Build.0 = Release|Any CPU
		{EDF2104C-E454-438A-B402-69271D3527A2}.Debug|Any CPU.ActiveCfg = Debug|Any CPU
		{EDF2104C-E454-438A-B402-69271D3527A2}.Debug|Any CPU.Build.0 = Debug|Any CPU
		{EDF2104C-E454-438A-B402-69271D3527A2}.Release|Any CPU.ActiveCfg = Release|Any CPU
		{EDF2104C-E454-438A-B402-69271D3527A2}.Release|Any CPU.Build.0 = Release|Any CPU
		{630DC25A-C7F4-4E2C-9F2F-251A0195A7B1}.Debug|Any CPU.ActiveCfg = Debug|Any CPU
		{630DC25A-C7F4-4E2C-9F2F-251A0195A7B1}.Debug|Any CPU.Build.0 = Debug|Any CPU
		{630DC25A-C7F4-4E2C-9F2F-251A0195A7B1}.Release|Any CPU.ActiveCfg = Release|Any CPU
		{630DC25A-C7F4-4E2C-9F2F-251A0195A7B1}.Release|Any CPU.Build.0 = Release|Any CPU
		{7CF57162-5BC6-47C9-BC38-191F2051BF7F}.Debug|Any CPU.ActiveCfg = Debug|Any CPU
		{7CF57162-5BC6-47C9-BC38-191F2051BF7F}.Debug|Any CPU.Build.0 = Debug|Any CPU
		{7CF57162-5BC6-47C9-BC38-191F2051BF7F}.Release|Any CPU.ActiveCfg = Release|Any CPU
		{7CF57162-5BC6-47C9-BC38-191F2051BF7F}.Release|Any CPU.Build.0 = Release|Any CPU
		{78F840DB-B220-4BD7-BAA3-7A9475705797}.Debug|Any CPU.ActiveCfg = Debug|Any CPU
		{78F840DB-B220-4BD7-BAA3-7A9475705797}.Debug|Any CPU.Build.0 = Debug|Any CPU
		{78F840DB-B220-4BD7-BAA3-7A9475705797}.Release|Any CPU.ActiveCfg = Release|Any CPU
		{78F840DB-B220-4BD7-BAA3-7A9475705797}.Release|Any CPU.Build.0 = Release|Any CPU
		{C39E052F-EBB1-4F84-A554-028EB60E7007}.Debug|Any CPU.ActiveCfg = Debug|Any CPU
		{C39E052F-EBB1-4F84-A554-028EB60E7007}.Debug|Any CPU.Build.0 = Debug|Any CPU
		{C39E052F-EBB1-4F84-A554-028EB60E7007}.Release|Any CPU.ActiveCfg = Release|Any CPU
		{C39E052F-EBB1-4F84-A554-028EB60E7007}.Release|Any CPU.Build.0 = Release|Any CPU
		{6E1BD19A-875C-4181-B8C8-F188541E834F}.Debug|Any CPU.ActiveCfg = Debug|Any CPU
		{6E1BD19A-875C-4181-B8C8-F188541E834F}.Debug|Any CPU.Build.0 = Debug|Any CPU
		{6E1BD19A-875C-4181-B8C8-F188541E834F}.Release|Any CPU.ActiveCfg = Release|Any CPU
		{6E1BD19A-875C-4181-B8C8-F188541E834F}.Release|Any CPU.Build.0 = Release|Any CPU
		{EA109C61-CB80-425B-86CD-C197D6DDE7F1}.Debug|Any CPU.ActiveCfg = Debug|Any CPU
		{EA109C61-CB80-425B-86CD-C197D6DDE7F1}.Debug|Any CPU.Build.0 = Debug|Any CPU
		{EA109C61-CB80-425B-86CD-C197D6DDE7F1}.Release|Any CPU.ActiveCfg = Release|Any CPU
		{EA109C61-CB80-425B-86CD-C197D6DDE7F1}.Release|Any CPU.Build.0 = Release|Any CPU
		{637B3843-9748-4A5A-8E4D-C6AC40B17939}.Debug|Any CPU.ActiveCfg = Debug|Any CPU
		{637B3843-9748-4A5A-8E4D-C6AC40B17939}.Debug|Any CPU.Build.0 = Debug|Any CPU
		{637B3843-9748-4A5A-8E4D-C6AC40B17939}.Release|Any CPU.ActiveCfg = Release|Any CPU
		{637B3843-9748-4A5A-8E4D-C6AC40B17939}.Release|Any CPU.Build.0 = Release|Any CPU
		{A39870F8-B778-48DE-B582-40957D20F3DA}.Debug|Any CPU.ActiveCfg = Debug|Any CPU
		{A39870F8-B778-48DE-B582-40957D20F3DA}.Debug|Any CPU.Build.0 = Debug|Any CPU
		{A39870F8-B778-48DE-B582-40957D20F3DA}.Release|Any CPU.ActiveCfg = Release|Any CPU
		{A39870F8-B778-48DE-B582-40957D20F3DA}.Release|Any CPU.Build.0 = Release|Any CPU
		{91F8C0DA-1D86-4E44-BF57-9A46BDF70D23}.Debug|Any CPU.ActiveCfg = Debug|Any CPU
		{91F8C0DA-1D86-4E44-BF57-9A46BDF70D23}.Debug|Any CPU.Build.0 = Debug|Any CPU
		{91F8C0DA-1D86-4E44-BF57-9A46BDF70D23}.Release|Any CPU.ActiveCfg = Release|Any CPU
		{91F8C0DA-1D86-4E44-BF57-9A46BDF70D23}.Release|Any CPU.Build.0 = Release|Any CPU
		{BFC882E4-0C27-4243-9F39-2A647FCD2599}.Debug|Any CPU.ActiveCfg = Debug|Any CPU
		{BFC882E4-0C27-4243-9F39-2A647FCD2599}.Debug|Any CPU.Build.0 = Debug|Any CPU
		{BFC882E4-0C27-4243-9F39-2A647FCD2599}.Release|Any CPU.ActiveCfg = Release|Any CPU
		{BFC882E4-0C27-4243-9F39-2A647FCD2599}.Release|Any CPU.Build.0 = Release|Any CPU
		{8323A086-E0BB-4E76-A447-A3EFDE072BBB}.Debug|Any CPU.ActiveCfg = Debug|Any CPU
		{8323A086-E0BB-4E76-A447-A3EFDE072BBB}.Debug|Any CPU.Build.0 = Debug|Any CPU
		{8323A086-E0BB-4E76-A447-A3EFDE072BBB}.Release|Any CPU.ActiveCfg = Release|Any CPU
		{8323A086-E0BB-4E76-A447-A3EFDE072BBB}.Release|Any CPU.Build.0 = Release|Any CPU
		{11570119-B07F-43F5-B612-F373C092F702}.Debug|Any CPU.ActiveCfg = Debug|Any CPU
		{11570119-B07F-43F5-B612-F373C092F702}.Debug|Any CPU.Build.0 = Debug|Any CPU
		{11570119-B07F-43F5-B612-F373C092F702}.Release|Any CPU.ActiveCfg = Release|Any CPU
		{11570119-B07F-43F5-B612-F373C092F702}.Release|Any CPU.Build.0 = Release|Any CPU
		{5BE09814-D4C7-435A-BC6E-C110333D26B9}.Debug|Any CPU.ActiveCfg = Debug|Any CPU
		{5BE09814-D4C7-435A-BC6E-C110333D26B9}.Debug|Any CPU.Build.0 = Debug|Any CPU
		{5BE09814-D4C7-435A-BC6E-C110333D26B9}.Release|Any CPU.ActiveCfg = Release|Any CPU
		{5BE09814-D4C7-435A-BC6E-C110333D26B9}.Release|Any CPU.Build.0 = Release|Any CPU
		{42650D0D-F8EB-4284-9181-1F6D80FAF734}.Debug|Any CPU.ActiveCfg = Debug|Any CPU
		{42650D0D-F8EB-4284-9181-1F6D80FAF734}.Debug|Any CPU.Build.0 = Debug|Any CPU
		{42650D0D-F8EB-4284-9181-1F6D80FAF734}.Release|Any CPU.ActiveCfg = Release|Any CPU
		{42650D0D-F8EB-4284-9181-1F6D80FAF734}.Release|Any CPU.Build.0 = Release|Any CPU
		{E337A4EF-5923-4B91-8A41-52C91BF765BC}.Debug|Any CPU.ActiveCfg = Debug|Any CPU
		{E337A4EF-5923-4B91-8A41-52C91BF765BC}.Debug|Any CPU.Build.0 = Debug|Any CPU
		{E337A4EF-5923-4B91-8A41-52C91BF765BC}.Release|Any CPU.ActiveCfg = Release|Any CPU
		{E337A4EF-5923-4B91-8A41-52C91BF765BC}.Release|Any CPU.Build.0 = Release|Any CPU
	EndGlobalSection
	GlobalSection(SolutionProperties) = preSolution
		HideSolutionNode = FALSE
	EndGlobalSection
	GlobalSection(NestedProjects) = preSolution
		{BFE4E74D-B7B8-4E8E-8034-296F2A1008DC} = {96788421-7059-4037-8563-47929601F658}
		{98CDBC02-1650-4B00-8F7F-C1CD446F6792} = {96788421-7059-4037-8563-47929601F658}
		{96788421-7059-4037-8563-47929601F658} = {199CB184-1379-4035-81C2-FFC035198EEF}
		{AA559E4D-CE83-47BB-A8C2-8D78D643B4B7} = {199CB184-1379-4035-81C2-FFC035198EEF}
		{005DBF2F-3BBB-4451-B1FE-E0555444079D} = {AA559E4D-CE83-47BB-A8C2-8D78D643B4B7}
		{EA390661-3FBA-4EC2-AC84-464F65BB4396} = {AA559E4D-CE83-47BB-A8C2-8D78D643B4B7}
		{D3F47B57-2816-4058-8305-8E15B8E22B40} = {DE667B02-FFE6-4D26-B15D-3F169EB7BDBD}
		{889B3BEC-C2E1-48C9-B919-93F6E6799992} = {D3F47B57-2816-4058-8305-8E15B8E22B40}
		{04B879F9-C46E-4142-945E-D6322D62DE3E} = {D3F47B57-2816-4058-8305-8E15B8E22B40}
		{57C0BE79-150D-4966-881E-66AAF3B09786} = {D3F47B57-2816-4058-8305-8E15B8E22B40}
		{9A0AF812-1598-4B92-BBAF-F221547AD5E2} = {D3F47B57-2816-4058-8305-8E15B8E22B40}
		{E182C93D-B3E7-4217-8A5A-E21A73467426} = {D3F47B57-2816-4058-8305-8E15B8E22B40}
		{2A54C339-9111-4B58-83F9-72FA42D5857A} = {5A143142-9716-44C6-A52B-325B124076B7}
		{72F10126-3DB8-423F-8EB8-A550B80AEB01} = {2A54C339-9111-4B58-83F9-72FA42D5857A}
		{66A32567-0A6C-4582-8BCD-93134D1E54CB} = {5A143142-9716-44C6-A52B-325B124076B7}
		{D710F02C-EE9C-4A78-A229-2357567B0E0A} = {66A32567-0A6C-4582-8BCD-93134D1E54CB}
		{B1B9B64D-9AFC-459B-8215-EF5E4FC9A6F8} = {199CB184-1379-4035-81C2-FFC035198EEF}
		{75EA22A7-8CF1-4C27-9E92-3431CE8860D2} = {B1B9B64D-9AFC-459B-8215-EF5E4FC9A6F8}
		{6ECEC1C4-533F-4B1C-894F-B3A69CEFF6FA} = {B1B9B64D-9AFC-459B-8215-EF5E4FC9A6F8}
		{AC3C02E9-6EBD-45C8-A883-BD755563B794} = {199CB184-1379-4035-81C2-FFC035198EEF}
		{7EA1E8F7-D3FC-4755-81A7-C4AB10376FE6} = {AC3C02E9-6EBD-45C8-A883-BD755563B794}
		{5AE342A3-7652-4290-9B2C-2767ACCC7C75} = {AC3C02E9-6EBD-45C8-A883-BD755563B794}
		{DF9D7498-E255-44F6-A162-127445B0F910} = {DE667B02-FFE6-4D26-B15D-3F169EB7BDBD}
		{668F71E9-0157-43E0-8809-003B0BBFC83F} = {DF9D7498-E255-44F6-A162-127445B0F910}
		{EDA2A0EB-463B-4E0F-88FB-711B26B84C9C} = {DE667B02-FFE6-4D26-B15D-3F169EB7BDBD}
		{CE89FF3E-CF2A-42BC-BA9D-8470EB60FC48} = {EDA2A0EB-463B-4E0F-88FB-711B26B84C9C}
		{2381F458-7802-4C62-BCDC-E5E1496D5707} = {EDA2A0EB-463B-4E0F-88FB-711B26B84C9C}
		{1235B592-88A6-4E53-8630-BE9DCF0FACF0} = {EDA2A0EB-463B-4E0F-88FB-711B26B84C9C}
		{BE1D5BEA-CE28-4A5F-A869-D8E131C84386} = {EDA2A0EB-463B-4E0F-88FB-711B26B84C9C}
		{8BCC250B-4502-47F3-97D1-4599CAF92E18} = {DF9D7498-E255-44F6-A162-127445B0F910}
		{5D566F11-AF83-4E4C-91EA-ABE8ACDEB310} = {DF9D7498-E255-44F6-A162-127445B0F910}
		{657C9A4B-AEC3-4AC5-B076-171E2B905022} = {5A143142-9716-44C6-A52B-325B124076B7}
		{020E00CE-D15F-4CF9-A8E0-4D0A19A2872E} = {657C9A4B-AEC3-4AC5-B076-171E2B905022}
		{D8856B0E-681E-4610-A1F6-A2FF18948371} = {657C9A4B-AEC3-4AC5-B076-171E2B905022}
		{3C8F9B23-90E0-4AB0-8652-465C174CA072} = {657C9A4B-AEC3-4AC5-B076-171E2B905022}
		{4C626379-8F81-4079-A201-58DA295B75FC} = {199CB184-1379-4035-81C2-FFC035198EEF}
		{2134D5D2-DB21-4435-AD77-7C7F346F25EA} = {4C626379-8F81-4079-A201-58DA295B75FC}
		{032BBDA0-3D4E-45EE-8CEF-48C20B6A1C9A} = {4C626379-8F81-4079-A201-58DA295B75FC}
		{68661F03-987A-46D2-B3D4-388408FA5CC2} = {4C626379-8F81-4079-A201-58DA295B75FC}
		{DD42AA5B-75EA-41A4-89EC-E3AA6EBCB535} = {4C626379-8F81-4079-A201-58DA295B75FC}
		{5A1B14AE-B8E5-4BAD-9CC8-8EF29AE7225D} = {4C626379-8F81-4079-A201-58DA295B75FC}
		{97B6EB78-940F-4E44-8518-4C2C9F406927} = {199CB184-1379-4035-81C2-FFC035198EEF}
		{811A9B30-BCC9-4C7A-8084-B07F27C7EE51} = {97B6EB78-940F-4E44-8518-4C2C9F406927}
		{97DB3287-1DBD-4641-BAEE-88825797FB37} = {97B6EB78-940F-4E44-8518-4C2C9F406927}
		{73A5BEC3-0538-4302-81F2-A50416EA740B} = {97B6EB78-940F-4E44-8518-4C2C9F406927}
		{9AE44A84-B391-4B93-98CD-CA6467A720F8} = {97B6EB78-940F-4E44-8518-4C2C9F406927}
		{A367ED6F-7F68-47C3-8AA4-40D76F1C7209} = {DE667B02-FFE6-4D26-B15D-3F169EB7BDBD}
		{06EDE7F5-F2B8-4489-9791-97D59F42986F} = {A367ED6F-7F68-47C3-8AA4-40D76F1C7209}
		{2AE57A12-C8BF-40E2-84DA-82A05BBA51DE} = {5A143142-9716-44C6-A52B-325B124076B7}
		{96E88AAF-5818-4CCC-9F4C-A043C0021243} = {2AE57A12-C8BF-40E2-84DA-82A05BBA51DE}
		{176C67E9-C8AB-4309-9372-DE84D5308037} = {2AE57A12-C8BF-40E2-84DA-82A05BBA51DE}
		{4E39077B-137D-4EFC-B96F-931363D0AA07} = {DE667B02-FFE6-4D26-B15D-3F169EB7BDBD}
		{59E76637-FFE4-4DBE-A5FB-44AC47E5E5DF} = {4E39077B-137D-4EFC-B96F-931363D0AA07}
		{5C633199-1888-42A4-8031-DD9B7B7558B5} = {4E39077B-137D-4EFC-B96F-931363D0AA07}
		{7A622AB7-6382-4674-B642-68B4C3718374} = {4E39077B-137D-4EFC-B96F-931363D0AA07}
		{C4146812-DD20-42B9-9F87-43C3E2C41924} = {5A143142-9716-44C6-A52B-325B124076B7}
		{B48A9DBA-6B3C-413D-8304-BA8D62C35BC5} = {C4146812-DD20-42B9-9F87-43C3E2C41924}
		{C39E413C-5E57-4F9E-82E6-4D4F7E592B49} = {C4146812-DD20-42B9-9F87-43C3E2C41924}
		{2F828BEC-5BEB-4A66-B5DF-46C14BB2D79E} = {DE667B02-FFE6-4D26-B15D-3F169EB7BDBD}
		{7165D5DF-5A87-403A-83F0-E545A737F8C0} = {2F828BEC-5BEB-4A66-B5DF-46C14BB2D79E}
		{B64A4363-3815-4D60-8AAB-BEC63C4CA51F} = {5A143142-9716-44C6-A52B-325B124076B7}
		{EDF2104C-E454-438A-B402-69271D3527A2} = {B64A4363-3815-4D60-8AAB-BEC63C4CA51F}
		{630DC25A-C7F4-4E2C-9F2F-251A0195A7B1} = {B64A4363-3815-4D60-8AAB-BEC63C4CA51F}
		{7CF57162-5BC6-47C9-BC38-191F2051BF7F} = {B64A4363-3815-4D60-8AAB-BEC63C4CA51F}
		{78F840DB-B220-4BD7-BAA3-7A9475705797} = {B64A4363-3815-4D60-8AAB-BEC63C4CA51F}
		{76EC6334-DF1A-45DE-BDED-438C2D6AF55E} = {DE667B02-FFE6-4D26-B15D-3F169EB7BDBD}
		{C39E052F-EBB1-4F84-A554-028EB60E7007} = {76EC6334-DF1A-45DE-BDED-438C2D6AF55E}
		{6E1BD19A-875C-4181-B8C8-F188541E834F} = {76EC6334-DF1A-45DE-BDED-438C2D6AF55E}
		{EA109C61-CB80-425B-86CD-C197D6DDE7F1} = {76EC6334-DF1A-45DE-BDED-438C2D6AF55E}
		{637B3843-9748-4A5A-8E4D-C6AC40B17939} = {76EC6334-DF1A-45DE-BDED-438C2D6AF55E}
		{98F33519-BEF8-4B81-9033-DE67611A4D91} = {DE667B02-FFE6-4D26-B15D-3F169EB7BDBD}
		{A39870F8-B778-48DE-B582-40957D20F3DA} = {98F33519-BEF8-4B81-9033-DE67611A4D91}
		{91F8C0DA-1D86-4E44-BF57-9A46BDF70D23} = {98F33519-BEF8-4B81-9033-DE67611A4D91}
		{BFC882E4-0C27-4243-9F39-2A647FCD2599} = {98F33519-BEF8-4B81-9033-DE67611A4D91}
		{63FF70F2-E3C9-44DE-8C7B-8272DD1EBD31} = {DE667B02-FFE6-4D26-B15D-3F169EB7BDBD}
		{8323A086-E0BB-4E76-A447-A3EFDE072BBB} = {63FF70F2-E3C9-44DE-8C7B-8272DD1EBD31}
		{11570119-B07F-43F5-B612-F373C092F702} = {63FF70F2-E3C9-44DE-8C7B-8272DD1EBD31}
		{DDE6A8F1-F35D-4666-A6E4-1B72F03F04CE} = {5A143142-9716-44C6-A52B-325B124076B7}
		{5BE09814-D4C7-435A-BC6E-C110333D26B9} = {DDE6A8F1-F35D-4666-A6E4-1B72F03F04CE}
		{42650D0D-F8EB-4284-9181-1F6D80FAF734} = {DDE6A8F1-F35D-4666-A6E4-1B72F03F04CE}
		{E337A4EF-5923-4B91-8A41-52C91BF765BC} = {DDE6A8F1-F35D-4666-A6E4-1B72F03F04CE}
	EndGlobalSection
EndGlobal
